
Microsoft Visual Studio Solution File, Format Version 12.00
# Visual Studio Version 16
VisualStudioVersion = 16.0.29424.173
MinimumVisualStudioVersion = 10.0.40219.1
Project("{FAE04EC0-301F-11D3-BF4B-00C04F79EFBC}") = "NorthernLights", "NorthernLights\NorthernLights.csproj", "{4D8BC9E1-C2BD-4113-BF5E-88B58CD8B2EB}"
EndProject
Project("{FAE04EC0-301F-11D3-BF4B-00C04F79EFBC}") = "NorthernLights.CommandLineTester", "NorthernLights.CommandLineTester\NorthernLights.CommandLineTester.csproj", "{859909E2-68DF-4020-9813-C8A0D149E3C4}"
EndProject
Global
	GlobalSection(SolutionConfigurationPlatforms) = preSolution
		Debug|Any CPU = Debug|Any CPU
		Release|Any CPU = Release|Any CPU
	EndGlobalSection
	GlobalSection(ProjectConfigurationPlatforms) = postSolution
		{4D8BC9E1-C2BD-4113-BF5E-88B58CD8B2EB}.Debug|Any CPU.ActiveCfg = Debug|Any CPU
		{4D8BC9E1-C2BD-4113-BF5E-88B58CD8B2EB}.Debug|Any CPU.Build.0 = Debug|Any CPU
		{4D8BC9E1-C2BD-4113-BF5E-88B58CD8B2EB}.Release|Any CPU.ActiveCfg = Release|Any CPU
		{4D8BC9E1-C2BD-4113-BF5E-88B58CD8B2EB}.Release|Any CPU.Build.0 = Release|Any CPU
		{859909E2-68DF-4020-9813-C8A0D149E3C4}.Debug|Any CPU.ActiveCfg = Debug|Any CPU
		{859909E2-68DF-4020-9813-C8A0D149E3C4}.Debug|Any CPU.Build.0 = Debug|Any CPU
		{859909E2-68DF-4020-9813-C8A0D149E3C4}.Release|Any CPU.ActiveCfg = Release|Any CPU
		{859909E2-68DF-4020-9813-C8A0D149E3C4}.Release|Any CPU.Build.0 = Release|Any CPU
	EndGlobalSection
	GlobalSection(SolutionProperties) = preSolution
		HideSolutionNode = FALSE
	EndGlobalSection
	GlobalSection(ExtensibilityGlobals) = postSolution
		SolutionGuid = {89C7AC51-5D15-44E3-8E86-EA2DE0D2D1CA}
	EndGlobalSection
EndGlobal
